
Microsoft Visual Studio Solution File, Format Version 12.00
# Visual Studio Version 16
VisualStudioVersion = 16.0.29326.143
MinimumVisualStudioVersion = 10.0.40219.1
Project("{FAE04EC0-301F-11D3-BF4B-00C04F79EFBC}") = "ArchivalBot", "ArchivalBot\ArchivalBot.csproj", "{EB2621B2-6B26-4AC4-9BB0-2B68512641B0}"
EndProject
Global
	GlobalSection(SolutionConfigurationPlatforms) = preSolution
		Debug|Any CPU = Debug|Any CPU
		Release|Any CPU = Release|Any CPU
	EndGlobalSection
	GlobalSection(ProjectConfigurationPlatforms) = postSolution
		{EB2621B2-6B26-4AC4-9BB0-2B68512641B0}.Debug|Any CPU.ActiveCfg = Debug|Any CPU
		{EB2621B2-6B26-4AC4-9BB0-2B68512641B0}.Debug|Any CPU.Build.0 = Debug|Any CPU
		{EB2621B2-6B26-4AC4-9BB0-2B68512641B0}.Release|Any CPU.ActiveCfg = Release|Any CPU
		{EB2621B2-6B26-4AC4-9BB0-2B68512641B0}.Release|Any CPU.Build.0 = Release|Any CPU
	EndGlobalSection
	GlobalSection(SolutionProperties) = preSolution
		HideSolutionNode = FALSE
	EndGlobalSection
	GlobalSection(ExtensibilityGlobals) = postSolution
		SolutionGuid = {1C91E815-E4A2-422F-B268-253DB1983B39}
	EndGlobalSection
EndGlobal
